
Microsoft Visual Studio Solution File, Format Version 12.00
# Visual Studio Version 17
VisualStudioVersion = 17.8.34330.188
MinimumVisualStudioVersion = 10.0.40219.1
Project("{8BC9CEB8-8B4A-11D0-8D11-00A0C91BC942}") = "testProject", "testProject\testProject.vcxproj", "{A169DBED-6F95-4B43-AAE2-606FEDDAF8E6}"
EndProject
Project("{8BC9CEB8-8B4A-11D0-8D11-00A0C91BC942}") = "StaticLib", "StaticLib\StaticLib.vcxproj", "{EFDA6976-5369-4271-87C9-FFACDF8B7875}"
EndProject
Project("{8BC9CEB8-8B4A-11D0-8D11-00A0C91BC942}") = "testProject2", "testProject2\testProject2.vcxproj", "{2AD2FF7E-0B26-43A1-8BAE-69B91516E6B0}"
EndProject
Project("{8BC9CEB8-8B4A-11D0-8D11-00A0C91BC942}") = "DynamicLib", "DynamicLib\DynamicLib.vcxproj", "{72765692-4055-4227-9AA3-5F62B650F579}"
EndProject
Global
	GlobalSection(SolutionConfigurationPlatforms) = preSolution
		Debug|x64 = Debug|x64
		Debug|x86 = Debug|x86
		Release|x64 = Release|x64
		Release|x86 = Release|x86
	EndGlobalSection
	GlobalSection(ProjectConfigurationPlatforms) = postSolution
		{A169DBED-6F95-4B43-AAE2-606FEDDAF8E6}.Debug|x64.ActiveCfg = Debug|x64
		{A169DBED-6F95-4B43-AAE2-606FEDDAF8E6}.Debug|x64.Build.0 = Debug|x64
		{A169DBED-6F95-4B43-AAE2-606FEDDAF8E6}.Debug|x86.ActiveCfg = Debug|Win32
		{A169DBED-6F95-4B43-AAE2-606FEDDAF8E6}.Debug|x86.Build.0 = Debug|Win32
		{A169DBED-6F95-4B43-AAE2-606FEDDAF8E6}.Release|x64.ActiveCfg = Release|x64
		{A169DBED-6F95-4B43-AAE2-606FEDDAF8E6}.Release|x64.Build.0 = Release|x64
		{A169DBED-6F95-4B43-AAE2-606FEDDAF8E6}.Release|x86.ActiveCfg = Release|Win32
		{A169DBED-6F95-4B43-AAE2-606FEDDAF8E6}.Release|x86.Build.0 = Release|Win32
		{EFDA6976-5369-4271-87C9-FFACDF8B7875}.Debug|x64.ActiveCfg = Debug|x64
		{EFDA6976-5369-4271-87C9-FFACDF8B7875}.Debug|x64.Build.0 = Debug|x64
		{EFDA6976-5369-4271-87C9-FFACDF8B7875}.Debug|x86.ActiveCfg = Debug|Win32
		{EFDA6976-5369-4271-87C9-FFACDF8B7875}.Debug|x86.Build.0 = Debug|Win32
		{EFDA6976-5369-4271-87C9-FFACDF8B7875}.Release|x64.ActiveCfg = Release|x64
		{EFDA6976-5369-4271-87C9-FFACDF8B7875}.Release|x64.Build.0 = Release|x64
		{EFDA6976-5369-4271-87C9-FFACDF8B7875}.Release|x86.ActiveCfg = Release|Win32
		{EFDA6976-5369-4271-87C9-FFACDF8B7875}.Release|x86.Build.0 = Release|Win32
		{2AD2FF7E-0B26-43A1-8BAE-69B91516E6B0}.Debug|x64.ActiveCfg = Debug|x64
		{2AD2FF7E-0B26-43A1-8BAE-69B91516E6B0}.Debug|x64.Build.0 = Debug|x64
		{2AD2FF7E-0B26-43A1-8BAE-69B91516E6B0}.Debug|x86.ActiveCfg = Debug|Win32
		{2AD2FF7E-0B26-43A1-8BAE-69B91516E6B0}.Debug|x86.Build.0 = Debug|Win32
		{2AD2FF7E-0B26-43A1-8BAE-69B91516E6B0}.Release|x64.ActiveCfg = Release|x64
		{2AD2FF7E-0B26-43A1-8BAE-69B91516E6B0}.Release|x64.Build.0 = Release|x64
		{2AD2FF7E-0B26-43A1-8BAE-69B91516E6B0}.Release|x86.ActiveCfg = Release|Win32
		{2AD2FF7E-0B26-43A1-8BAE-69B91516E6B0}.Release|x86.Build.0 = Release|Win32
		{72765692-4055-4227-9AA3-5F62B650F579}.Debug|x64.ActiveCfg = Debug|x64
		{72765692-4055-4227-9AA3-5F62B650F579}.Debug|x64.Build.0 = Debug|x64
		{72765692-4055-4227-9AA3-5F62B650F579}.Debug|x86.ActiveCfg = Debug|Win32
		{72765692-4055-4227-9AA3-5F62B650F579}.Debug|x86.Build.0 = Debug|Win32
		{72765692-4055-4227-9AA3-5F62B650F579}.Release|x64.ActiveCfg = Release|x64
		{72765692-4055-4227-9AA3-5F62B650F579}.Release|x64.Build.0 = Release|x64
		{72765692-4055-4227-9AA3-5F62B650F579}.Release|x86.ActiveCfg = Release|Win32
		{72765692-4055-4227-9AA3-5F62B650F579}.Release|x86.Build.0 = Release|Win32
	EndGlobalSection
	GlobalSection(SolutionProperties) = preSolution
		HideSolutionNode = FALSE
	EndGlobalSection
	GlobalSection(ExtensibilityGlobals) = postSolution
		SolutionGuid = {60F06540-F9D0-435E-949F-A90044BDA754}
	EndGlobalSection
EndGlobal
